
Microsoft Visual Studio Solution File, Format Version 12.00
# Visual Studio 14
VisualStudioVersion = 14.0.25420.1
MinimumVisualStudioVersion = 10.0.40219.1
Project("{FAE04EC0-301F-11D3-BF4B-00C04F79EFBC}") = "CoLocatedCardSystem", "CoLocatedCardSystem\CoLocatedCardSystem.csproj", "{8D7A7616-0A91-4194-A1B7-7462CA5FFD4D}"
EndProject
Project("{FAE04EC0-301F-11D3-BF4B-00C04F79EFBC}") = "VirtualKeyboard", "VirtualKeyboard\VirtualKeyboard.csproj", "{AE0C085E-2AF7-4428-90C8-7E8994E377B1}"
EndProject
Project("{FAE04EC0-301F-11D3-BF4B-00C04F79EFBC}") = "DocProcess", "DocProcess\DocProcess.csproj", "{FEF2ABA7-A7DB-46E1-BFA1-C10B628C4ADE}"
EndProject
Global
	GlobalSection(SolutionConfigurationPlatforms) = preSolution
		Debug|Any CPU = Debug|Any CPU
		Debug|ARM = Debug|ARM
		Debug|x64 = Debug|x64
		Debug|x86 = Debug|x86
		Release|Any CPU = Release|Any CPU
		Release|ARM = Release|ARM
		Release|x64 = Release|x64
		Release|x86 = Release|x86
	EndGlobalSection
	GlobalSection(ProjectConfigurationPlatforms) = postSolution
		{8D7A7616-0A91-4194-A1B7-7462CA5FFD4D}.Debug|Any CPU.ActiveCfg = Debug|x86
		{8D7A7616-0A91-4194-A1B7-7462CA5FFD4D}.Debug|ARM.ActiveCfg = Debug|ARM
		{8D7A7616-0A91-4194-A1B7-7462CA5FFD4D}.Debug|ARM.Build.0 = Debug|ARM
		{8D7A7616-0A91-4194-A1B7-7462CA5FFD4D}.Debug|ARM.Deploy.0 = Debug|ARM
		{8D7A7616-0A91-4194-A1B7-7462CA5FFD4D}.Debug|x64.ActiveCfg = Debug|x64
		{8D7A7616-0A91-4194-A1B7-7462CA5FFD4D}.Debug|x64.Build.0 = Debug|x64
		{8D7A7616-0A91-4194-A1B7-7462CA5FFD4D}.Debug|x64.Deploy.0 = Debug|x64
		{8D7A7616-0A91-4194-A1B7-7462CA5FFD4D}.Debug|x86.ActiveCfg = Debug|x86
		{8D7A7616-0A91-4194-A1B7-7462CA5FFD4D}.Debug|x86.Build.0 = Debug|x86
		{8D7A7616-0A91-4194-A1B7-7462CA5FFD4D}.Debug|x86.Deploy.0 = Debug|x86
		{8D7A7616-0A91-4194-A1B7-7462CA5FFD4D}.Release|Any CPU.ActiveCfg = Release|x86
		{8D7A7616-0A91-4194-A1B7-7462CA5FFD4D}.Release|ARM.ActiveCfg = Release|ARM
		{8D7A7616-0A91-4194-A1B7-7462CA5FFD4D}.Release|ARM.Build.0 = Release|ARM
		{8D7A7616-0A91-4194-A1B7-7462CA5FFD4D}.Release|ARM.Deploy.0 = Release|ARM
		{8D7A7616-0A91-4194-A1B7-7462CA5FFD4D}.Release|x64.ActiveCfg = Release|x64
		{8D7A7616-0A91-4194-A1B7-7462CA5FFD4D}.Release|x64.Build.0 = Release|x64
		{8D7A7616-0A91-4194-A1B7-7462CA5FFD4D}.Release|x64.Deploy.0 = Release|x64
		{8D7A7616-0A91-4194-A1B7-7462CA5FFD4D}.Release|x86.ActiveCfg = Release|x86
		{8D7A7616-0A91-4194-A1B7-7462CA5FFD4D}.Release|x86.Build.0 = Release|x86
		{8D7A7616-0A91-4194-A1B7-7462CA5FFD4D}.Release|x86.Deploy.0 = Release|x86
		{AE0C085E-2AF7-4428-90C8-7E8994E377B1}.Debug|Any CPU.ActiveCfg = Debug|Any CPU
		{AE0C085E-2AF7-4428-90C8-7E8994E377B1}.Debug|Any CPU.Build.0 = Debug|Any CPU
		{AE0C085E-2AF7-4428-90C8-7E8994E377B1}.Debug|ARM.ActiveCfg = Debug|ARM
		{AE0C085E-2AF7-4428-90C8-7E8994E377B1}.Debug|ARM.Build.0 = Debug|ARM
		{AE0C085E-2AF7-4428-90C8-7E8994E377B1}.Debug|x64.ActiveCfg = Debug|x64
		{AE0C085E-2AF7-4428-90C8-7E8994E377B1}.Debug|x64.Build.0 = Debug|x64
		{AE0C085E-2AF7-4428-90C8-7E8994E377B1}.Debug|x86.ActiveCfg = Debug|x86
		{AE0C085E-2AF7-4428-90C8-7E8994E377B1}.Debug|x86.Build.0 = Debug|x86
		{AE0C085E-2AF7-4428-90C8-7E8994E377B1}.Release|Any CPU.ActiveCfg = Release|Any CPU
		{AE0C085E-2AF7-4428-90C8-7E8994E377B1}.Release|Any CPU.Build.0 = Release|Any CPU
		{AE0C085E-2AF7-4428-90C8-7E8994E377B1}.Release|ARM.ActiveCfg = Release|ARM
		{AE0C085E-2AF7-4428-90C8-7E8994E377B1}.Release|ARM.Build.0 = Release|ARM
		{AE0C085E-2AF7-4428-90C8-7E8994E377B1}.Release|x64.ActiveCfg = Release|x64
		{AE0C085E-2AF7-4428-90C8-7E8994E377B1}.Release|x64.Build.0 = Release|x64
		{AE0C085E-2AF7-4428-90C8-7E8994E377B1}.Release|x86.ActiveCfg = Release|x86
		{AE0C085E-2AF7-4428-90C8-7E8994E377B1}.Release|x86.Build.0 = Release|x86
		{FEF2ABA7-A7DB-46E1-BFA1-C10B628C4ADE}.Debug|Any CPU.ActiveCfg = Debug|Any CPU
		{FEF2ABA7-A7DB-46E1-BFA1-C10B628C4ADE}.Debug|Any CPU.Build.0 = Debug|Any CPU
		{FEF2ABA7-A7DB-46E1-BFA1-C10B628C4ADE}.Debug|ARM.ActiveCfg = Debug|Any CPU
		{FEF2ABA7-A7DB-46E1-BFA1-C10B628C4ADE}.Debug|ARM.Build.0 = Debug|Any CPU
		{FEF2ABA7-A7DB-46E1-BFA1-C10B628C4ADE}.Debug|x64.ActiveCfg = Debug|Any CPU
		{FEF2ABA7-A7DB-46E1-BFA1-C10B628C4ADE}.Debug|x64.Build.0 = Debug|Any CPU
		{FEF2ABA7-A7DB-46E1-BFA1-C10B628C4ADE}.Debug|x86.ActiveCfg = Debug|Any CPU
		{FEF2ABA7-A7DB-46E1-BFA1-C10B628C4ADE}.Debug|x86.Build.0 = Debug|Any CPU
		{FEF2ABA7-A7DB-46E1-BFA1-C10B628C4ADE}.Release|Any CPU.ActiveCfg = Release|Any CPU
		{FEF2ABA7-A7DB-46E1-BFA1-C10B628C4ADE}.Release|Any CPU.Build.0 = Release|Any CPU
		{FEF2ABA7-A7DB-46E1-BFA1-C10B628C4ADE}.Release|ARM.ActiveCfg = Release|Any CPU
		{FEF2ABA7-A7DB-46E1-BFA1-C10B628C4ADE}.Release|ARM.Build.0 = Release|Any CPU
		{FEF2ABA7-A7DB-46E1-BFA1-C10B628C4ADE}.Release|x64.ActiveCfg = Release|Any CPU
		{FEF2ABA7-A7DB-46E1-BFA1-C10B628C4ADE}.Release|x64.Build.0 = Release|Any CPU
		{FEF2ABA7-A7DB-46E1-BFA1-C10B628C4ADE}.Release|x86.ActiveCfg = Release|Any CPU
		{FEF2ABA7-A7DB-46E1-BFA1-C10B628C4ADE}.Release|x86.Build.0 = Release|Any CPU
	EndGlobalSection
	GlobalSection(SolutionProperties) = preSolution
		HideSolutionNode = FALSE
	EndGlobalSection
EndGlobal
